
Microsoft Visual Studio Solution File, Format Version 12.00
# Visual Studio 15
VisualStudioVersion = 15.0.28307.1145
MinimumVisualStudioVersion = 10.0.40219.1
Project("{FAE04EC0-301F-11D3-BF4B-00C04F79EFBC}") = "Final_Vidly", "Final_Vidly\Final_Vidly.csproj", "{0C941171-4374-4B77-90C5-ACC6EDF2BF8F}"
EndProject
Global
	GlobalSection(SolutionConfigurationPlatforms) = preSolution
		Debug|Any CPU = Debug|Any CPU
		Release|Any CPU = Release|Any CPU
	EndGlobalSection
	GlobalSection(ProjectConfigurationPlatforms) = postSolution
		{0C941171-4374-4B77-90C5-ACC6EDF2BF8F}.Debug|Any CPU.ActiveCfg = Debug|Any CPU
		{0C941171-4374-4B77-90C5-ACC6EDF2BF8F}.Debug|Any CPU.Build.0 = Debug|Any CPU
		{0C941171-4374-4B77-90C5-ACC6EDF2BF8F}.Release|Any CPU.ActiveCfg = Release|Any CPU
		{0C941171-4374-4B77-90C5-ACC6EDF2BF8F}.Release|Any CPU.Build.0 = Release|Any CPU
	EndGlobalSection
	GlobalSection(SolutionProperties) = preSolution
		HideSolutionNode = FALSE
	EndGlobalSection
	GlobalSection(ExtensibilityGlobals) = postSolution
		SolutionGuid = {F3FC3DBE-4DA3-4149-B705-C9CFAAD5F0AE}
	EndGlobalSection
EndGlobal
